
Microsoft Visual Studio Solution File, Format Version 12.00
# Visual Studio Version 16
VisualStudioVersion = 16.0.32428.217
MinimumVisualStudioVersion = 10.0.40219.1
Project("{9A19103F-16F7-4668-BE54-9A1E7A4F7556}") = "portal_cristal", "portal_cristal\portal_cristal.csproj", "{1E0822BD-8C70-4FF2-94A1-89BAB7E7E6CA}"
EndProject
Project("{2150E333-8FDC-42A3-9474-1A3956D46DE8}") = "NewFolder1", "NewFolder1", "{DF2C2DD1-C844-41B0-8CA2-03CBE0562AFB}"
EndProject
Global
	GlobalSection(SolutionConfigurationPlatforms) = preSolution
		Debug|Any CPU = Debug|Any CPU
		Release|Any CPU = Release|Any CPU
	EndGlobalSection
	GlobalSection(ProjectConfigurationPlatforms) = postSolution
		{1E0822BD-8C70-4FF2-94A1-89BAB7E7E6CA}.Debug|Any CPU.ActiveCfg = Debug|Any CPU
		{1E0822BD-8C70-4FF2-94A1-89BAB7E7E6CA}.Debug|Any CPU.Build.0 = Debug|Any CPU
		{1E0822BD-8C70-4FF2-94A1-89BAB7E7E6CA}.Release|Any CPU.ActiveCfg = Release|Any CPU
		{1E0822BD-8C70-4FF2-94A1-89BAB7E7E6CA}.Release|Any CPU.Build.0 = Release|Any CPU
	EndGlobalSection
	GlobalSection(SolutionProperties) = preSolution
		HideSolutionNode = FALSE
	EndGlobalSection
	GlobalSection(ExtensibilityGlobals) = postSolution
		SolutionGuid = {C0159765-43E0-4BEA-88DA-CAA080861D0A}
	EndGlobalSection
EndGlobal
